
Microsoft Visual Studio Solution File, Format Version 12.00
# Visual Studio 2012
Project("{FAE04EC0-301F-11D3-BF4B-00C04F79EFBC}") = "TinyHttpService", "TinyHttpService\TinyHttpService.csproj", "{CA872E2D-4459-455A-9799-60596C57DE36}"
EndProject
Project("{FAE04EC0-301F-11D3-BF4B-00C04F79EFBC}") = "TinyHttpService.ConsoleTest", "TinyHttpService.ConsoleTest\TinyHttpService.ConsoleTest.csproj", "{F176872C-0B31-41D5-9F6E-EDB954040BF1}"
EndProject
Global
	GlobalSection(SolutionConfigurationPlatforms) = preSolution
		Debug|Any CPU = Debug|Any CPU
		Release|Any CPU = Release|Any CPU
	EndGlobalSection
	GlobalSection(ProjectConfigurationPlatforms) = postSolution
		{CA872E2D-4459-455A-9799-60596C57DE36}.Debug|Any CPU.ActiveCfg = Debug|Any CPU
		{CA872E2D-4459-455A-9799-60596C57DE36}.Debug|Any CPU.Build.0 = Debug|Any CPU
		{CA872E2D-4459-455A-9799-60596C57DE36}.Release|Any CPU.ActiveCfg = Release|Any CPU
		{CA872E2D-4459-455A-9799-60596C57DE36}.Release|Any CPU.Build.0 = Release|Any CPU
		{F176872C-0B31-41D5-9F6E-EDB954040BF1}.Debug|Any CPU.ActiveCfg = Debug|Any CPU
		{F176872C-0B31-41D5-9F6E-EDB954040BF1}.Debug|Any CPU.Build.0 = Debug|Any CPU
		{F176872C-0B31-41D5-9F6E-EDB954040BF1}.Release|Any CPU.ActiveCfg = Release|Any CPU
		{F176872C-0B31-41D5-9F6E-EDB954040BF1}.Release|Any CPU.Build.0 = Release|Any CPU
	EndGlobalSection
	GlobalSection(SolutionProperties) = preSolution
		HideSolutionNode = FALSE
	EndGlobalSection
EndGlobal
